{
  "nodes": {
    "home-manager": {
      "inputs": {
        "nixpkgs": [
          "nixpkgs"
        ]
      },
      "locked": {
        "lastModified": 1706134977,
        "narHash": "sha256-KwNb1Li3K6vuVwZ77tFjZ89AWBo7AiCs9t0Cens4BsM=",
        "owner": "nix-community",
        "repo": "home-manager",
        "rev": "6359d40f6ec0b72a38e02b333f343c3d4929ec10",
        "type": "github"
      },
      "original": {
        "owner": "nix-community",
        "repo": "home-manager",
        "type": "github"
      }
    },
    "nixpkgs": {
      "locked": {
        "lastModified": 1705975988,
        "narHash": "sha256-HJS/ilLkwLaFe+kPciiVuEwa90p7d7Y2FUZXuq7ztVk=",
        "owner": "NixOS",
        "repo": "nixpkgs",
        "rev": "4d3d04cfd372a0511f12b885c9822e406b00fe8e",
        "type": "github"
      },
      "original": {
        "owner": "NixOS",
        "ref": "nixpkgs-unstable",
        "repo": "nixpkgs",
        "type": "github"
      }
    },
    "root": {
      "inputs": {
        "home-manager": "home-manager",
        "nixpkgs": "nixpkgs"
      }
    }
  },
  "root": "root",
  "version": 7
}
